{
  "name": "pine-examples-swc",
  "lockfileVersion": 2,
  "requires": true,
  "packages": {
    "": {
      "name": "pine-examples-swc",
      "devDependencies": {
        "@swc-node/register": "^1.3.6"
      }
    },
    "node_modules/@swc-node/core": {
      "version": "1.9.1",
      "resolved": "https://registry.npmjs.org/@swc-node/core/-/core-1.9.1.tgz",
      "integrity": "sha512-Mh4T/PmQOpPtqw1BNvU38uWzsXbd5RJji17YBXnj7JDDE5KlTR9sSo2RKxWKDVtHbdcD1S+CtyZXA93aEWlfGQ==",
      "dev": true,
      "engines": {
        "node": ">= 10"
      },
      "funding": {
        "type": "github",
        "url": "https://github.com/sponsors/Brooooooklyn"
      },
      "peerDependencies": {
        "@swc/core": ">= 1.3"
      }
    },
    "node_modules/@swc-node/register": {
      "version": "1.5.2",
      "resolved": "https://registry.npmjs.org/@swc-node/register/-/register-1.5.2.tgz",
      "integrity": "sha512-uXgAWEmbrg1zFxv6x/0rTQuToEuCxxZDaA7KyJi5+FwRcBTS79tBYEqUROH8otcTnHdh4njAbWdETFPRD4Pogw==",
      "dev": true,
      "dependencies": {
        "@swc-node/core": "^1.9.1",
        "@swc-node/sourcemap-support": "^0.2.1",
        "colorette": "^2.0.19",
        "debug": "^4.3.4",
        "pirates": "^4.0.5",
        "tslib": "^2.4.0"
      },
      "funding": {
        "type": "github",
        "url": "https://github.com/sponsors/Brooooooklyn"
      },
      "peerDependencies": {
        "typescript": ">= 4.3"
      }
    },
    "node_modules/@swc-node/sourcemap-support": {
      "version": "0.2.1",
      "resolved": "https://registry.npmjs.org/@swc-node/sourcemap-support/-/sourcemap-support-0.2.1.tgz",
      "integrity": "sha512-+49bBLKEenzAybTIlOlZGdif5wK0ZHjrAtIUtyd5nSthFKSTzcmfmFayqVmk5ZoVZI2AG+qJOx5+K1vZt17TJQ==",
      "dev": true,
      "dependencies": {
        "source-map-support": "^0.5.21"
      }
    },
    "node_modules/@swc/core": {
      "version": "1.3.4",
      "resolved": "https://registry.npmjs.org/@swc/core/-/core-1.3.4.tgz",
      "integrity": "sha512-W1AvQImfF2T+7dzWdg/GqFpcMJ24lyXGQ/kPKHL/FGPZbf0Q1ExD7wp3eQ2PQMgHTLe28qWonxicm2DPfprx3g==",
      "dev": true,
      "hasInstallScript": true,
      "peer": true,
      "bin": {
        "swcx": "run_swcx.js"
      },
      "engines": {
        "node": ">=10"
      },
      "funding": {
        "type": "opencollective",
        "url": "https://opencollective.com/swc"
      },
      "optionalDependencies": {
        "@swc/core-android-arm-eabi": "1.3.4",
        "@swc/core-android-arm64": "1.3.4",
        "@swc/core-darwin-arm64": "1.3.4",
        "@swc/core-darwin-x64": "1.3.4",
        "@swc/core-freebsd-x64": "1.3.4",
        "@swc/core-linux-arm-gnueabihf": "1.3.4",
        "@swc/core-linux-arm64-gnu": "1.3.4",
        "@swc/core-linux-arm64-musl": "1.3.4",
        "@swc/core-linux-x64-gnu": "1.3.4",
        "@swc/core-linux-x64-musl": "1.3.4",
        "@swc/core-win32-arm64-msvc": "1.3.4",
        "@swc/core-win32-ia32-msvc": "1.3.4",
        "@swc/core-win32-x64-msvc": "1.3.4"
      }
    },
    "node_modules/@swc/core-android-arm-eabi": {
      "version": "1.3.4",
      "resolved": "https://registry.npmjs.org/@swc/core-android-arm-eabi/-/core-android-arm-eabi-1.3.4.tgz",
      "integrity": "sha512-aq+CAebSQMtdrIR4+v/JBfykK/daD+so2gPHm4wgLaTR+xwziQAsBBI5iq5sinhIg4FGnmljtO75QolcNLmpvw==",
      "cpu": [
        "arm"
      ],
      "dev": true,
      "optional": true,
      "os": [
        "android"
      ],
      "peer": true,
      "dependencies": {
        "@swc/wasm": "1.2.122"
      },
      "engines": {
        "node": ">=10"
      }
    },
    "node_modules/@swc/core-android-arm64": {
      "version": "1.3.4",
      "resolved": "https://registry.npmjs.org/@swc/core-android-arm64/-/core-android-arm64-1.3.4.tgz",
      "integrity": "sha512-E5z6ribiEzDqrq5Kv5xOLdWcTzHWlzGuqDSxTQNz9GCC94qSVzXp5Df+egVEKE/4t7u2P6nO46BUKweYMb9TJg==",
      "cpu": [
        "arm64"
      ],
      "dev": true,
      "optional": true,
      "os": [
        "android"
      ],
      "peer": true,
      "dependencies": {
        "@swc/wasm": "1.2.130"
      },
      "engines": {
        "node": ">=10"
      }
    },
    "node_modules/@swc/core-android-arm64/node_modules/@swc/wasm": {
      "version": "1.2.130",
      "resolved": "https://registry.npmjs.org/@swc/wasm/-/wasm-1.2.130.tgz",
      "integrity": "sha512-rNcJsBxS70+pv8YUWwf5fRlWX6JoY/HJc25HD/F8m6Kv7XhJdqPPMhyX6TKkUBPAG7TWlZYoxa+rHAjPy4Cj3Q==",
      "dev": true,
      "optional": true,
      "peer": true
    },
    "node_modules/@swc/core-darwin-arm64": {
      "version": "1.3.4",
      "resolved": "https://registry.npmjs.org/@swc/core-darwin-arm64/-/core-darwin-arm64-1.3.4.tgz",
      "integrity": "sha512-JNBFQKtaUdsq0Sv6N29++Q6xrvZDn1bQ7pbMvr8t7kBNXaYCDmupbwPGT725MrGVs72N4qKee5Z0OIvmnLCQfw==",
      "cpu": [
        "arm64"
      ],
      "dev": true,
      "optional": true,
      "os": [
        "darwin"
      ],
      "peer": true,
      "engines": {
        "node": ">=10"
      }
    },
    "node_modules/@swc/core-darwin-x64": {
      "version": "1.3.4",
      "resolved": "https://registry.npmjs.org/@swc/core-darwin-x64/-/core-darwin-x64-1.3.4.tgz",
      "integrity": "sha512-A6KMZsUJ3j5TVxAizbv+UEjCNvMgWBm9jw4R3biaw8kbgu3XUWHdkiheXO+c2kjjjgwr1jhkHcLgRjffwpLYFA==",
      "cpu": [
        "x64"
      ],
      "dev": true,
      "optional": true,
      "os": [
        "darwin"
      ],
      "peer": true,
      "engines": {
        "node": ">=10"
      }
    },
    "node_modules/@swc/core-freebsd-x64": {
      "version": "1.3.4",
      "resolved": "https://registry.npmjs.org/@swc/core-freebsd-x64/-/core-freebsd-x64-1.3.4.tgz",
      "integrity": "sha512-C5FCXHebcHwPJtEhgRShumXvcdPO5Cqiwd7GDNBav1IZribs3+ZqrTkCaz2hY7gb5NvyFIxkJ5HhpS4Pxafhuw==",
      "cpu": [
        "x64"
      ],
      "dev": true,
      "optional": true,
      "os": [
        "freebsd"
      ],
      "peer": true,
      "dependencies": {
        "@swc/wasm": "1.2.130"
      },
      "engines": {
        "node": ">=10"
      }
    },
    "node_modules/@swc/core-freebsd-x64/node_modules/@swc/wasm": {
      "version": "1.2.130",
      "resolved": "https://registry.npmjs.org/@swc/wasm/-/wasm-1.2.130.tgz",
      "integrity": "sha512-rNcJsBxS70+pv8YUWwf5fRlWX6JoY/HJc25HD/F8m6Kv7XhJdqPPMhyX6TKkUBPAG7TWlZYoxa+rHAjPy4Cj3Q==",
      "dev": true,
      "optional": true,
      "peer": true
    },
    "node_modules/@swc/core-linux-arm-gnueabihf": {
      "version": "1.3.4",
      "resolved": "https://registry.npmjs.org/@swc/core-linux-arm-gnueabihf/-/core-linux-arm-gnueabihf-1.3.4.tgz",
      "integrity": "sha512-vawHUhUcS//xNvGzL0zZ3vZ1YnsjgyvWQXB5PF4bhM5Y0/rmcrEdpkSId1qTfaMpcL7l2QSy9/DM7ucjlSpK6w==",
      "cpu": [
        "arm"
      ],
      "dev": true,
      "optional": true,
      "os": [
        "linux"
      ],
      "peer": true,
      "dependencies": {
        "@swc/wasm": "1.2.130"
      },
      "engines": {
        "node": ">=10"
      }
    },
    "node_modules/@swc/core-linux-arm-gnueabihf/node_modules/@swc/wasm": {
      "version": "1.2.130",
      "resolved": "https://registry.npmjs.org/@swc/wasm/-/wasm-1.2.130.tgz",
      "integrity": "sha512-rNcJsBxS70+pv8YUWwf5fRlWX6JoY/HJc25HD/F8m6Kv7XhJdqPPMhyX6TKkUBPAG7TWlZYoxa+rHAjPy4Cj3Q==",
      "dev": true,
      "optional": true,
      "peer": true
    },
    "node_modules/@swc/core-linux-arm64-gnu": {
      "version": "1.3.4",
      "resolved": "https://registry.npmjs.org/@swc/core-linux-arm64-gnu/-/core-linux-arm64-gnu-1.3.4.tgz",
      "integrity": "sha512-p60RoYaDS8zrqp/cGkcJryk9HobJvrL+Ox/iz8ivDrV4IS0LXvqW5/5YTSzLo93/+blvG/M0hdaokoMhWhDnwA==",
      "cpu": [
        "arm64"
      ],
      "dev": true,
      "optional": true,
      "os": [
        "linux"
      ],
      "peer": true,
      "engines": {
        "node": ">=10"
      }
    },
    "node_modules/@swc/core-linux-arm64-musl": {
      "version": "1.3.4",
      "resolved": "https://registry.npmjs.org/@swc/core-linux-arm64-musl/-/core-linux-arm64-musl-1.3.4.tgz",
      "integrity": "sha512-F9hW6g5l4YesJJH/JMznaLGdLeCV4FKq5MN5DaZfuB8qrCZGLmAasGgvSNbXh1oZnDu1PD2ZxMYivkf2n8/4OA==",
      "cpu": [
        "arm64"
      ],
      "dev": true,
      "optional": true,
      "os": [
        "linux"
      ],
      "peer": true,
      "engines": {
        "node": ">=10"
      }
    },
    "node_modules/@swc/core-linux-x64-gnu": {
      "version": "1.3.4",
      "resolved": "https://registry.npmjs.org/@swc/core-linux-x64-gnu/-/core-linux-x64-gnu-1.3.4.tgz",
      "integrity": "sha512-rRqDtxktiVaxO8NQeEZSX0kNSFkI5Ft+4fZcFTbWhDO0vknC0+ZYbWpverfQ8yAwo7aA9jKWupwc3I7iZ1EQQQ==",
      "cpu": [
        "x64"
      ],
      "dev": true,
      "optional": true,
      "os": [
        "linux"
      ],
      "peer": true,
      "engines": {
        "node": ">=10"
      }
    },
    "node_modules/@swc/core-linux-x64-musl": {
      "version": "1.3.4",
      "resolved": "https://registry.npmjs.org/@swc/core-linux-x64-musl/-/core-linux-x64-musl-1.3.4.tgz",
      "integrity": "sha512-stVnU7KXQxSbh67UiIVxZsgjkRSXApPTEU3CYnwsdH7G+ynfO1WocSatzjIKpJfhcY2Nss8/33yDaOKZXVhbIA==",
      "cpu": [
        "x64"
      ],
      "dev": true,
      "optional": true,
      "os": [
        "linux"
      ],
      "peer": true,
      "engines": {
        "node": ">=10"
      }
    },
    "node_modules/@swc/core-win32-arm64-msvc": {
      "version": "1.3.4",
      "resolved": "https://registry.npmjs.org/@swc/core-win32-arm64-msvc/-/core-win32-arm64-msvc-1.3.4.tgz",
      "integrity": "sha512-qc3UIdAQfLTA1mJsFkX3ISqJDU02qtcjUbnLI8sl6oedCAOFF66TcecJvwl4iO+BTO04+KoZc5rJovSTOb3eQA==",
      "cpu": [
        "arm64"
      ],
      "dev": true,
      "optional": true,
      "os": [
        "win32"
      ],
      "peer": true,
      "dependencies": {
        "@swc/wasm": "1.2.130"
      },
      "engines": {
        "node": ">=10"
      }
    },
    "node_modules/@swc/core-win32-arm64-msvc/node_modules/@swc/wasm": {
      "version": "1.2.130",
      "resolved": "https://registry.npmjs.org/@swc/wasm/-/wasm-1.2.130.tgz",
      "integrity": "sha512-rNcJsBxS70+pv8YUWwf5fRlWX6JoY/HJc25HD/F8m6Kv7XhJdqPPMhyX6TKkUBPAG7TWlZYoxa+rHAjPy4Cj3Q==",
      "dev": true,
      "optional": true,
      "peer": true
    },
    "node_modules/@swc/core-win32-ia32-msvc": {
      "version": "1.3.4",
      "resolved": "https://registry.npmjs.org/@swc/core-win32-ia32-msvc/-/core-win32-ia32-msvc-1.3.4.tgz",
      "integrity": "sha512-FxuDGn60VrnYBcpH0CeR9+pCnPUaVvZ20CO6o/oNYHSfIhqPc76o3zFYYEFswYodExjCCYwsuPYgi+stvKZroA==",
      "cpu": [
        "ia32"
      ],
      "dev": true,
      "optional": true,
      "os": [
        "win32"
      ],
      "peer": true,
      "dependencies": {
        "@swc/wasm": "1.2.130"
      },
      "engines": {
        "node": ">=10"
      }
    },
    "node_modules/@swc/core-win32-ia32-msvc/node_modules/@swc/wasm": {
      "version": "1.2.130",
      "resolved": "https://registry.npmjs.org/@swc/wasm/-/wasm-1.2.130.tgz",
      "integrity": "sha512-rNcJsBxS70+pv8YUWwf5fRlWX6JoY/HJc25HD/F8m6Kv7XhJdqPPMhyX6TKkUBPAG7TWlZYoxa+rHAjPy4Cj3Q==",
      "dev": true,
      "optional": true,
      "peer": true
    },
    "node_modules/@swc/core-win32-x64-msvc": {
      "version": "1.3.4",
      "resolved": "https://registry.npmjs.org/@swc/core-win32-x64-msvc/-/core-win32-x64-msvc-1.3.4.tgz",
      "integrity": "sha512-9/bSvgjV31u1G2slRFPgK85ohJdo8KtWJ0f4CPp2LdVtIJHbFGd0pWjnMfiPJeodSxSGGWrgUNQtajqIIsrbqA==",
      "cpu": [
        "x64"
      ],
      "dev": true,
      "optional": true,
      "os": [
        "win32"
      ],
      "peer": true,
      "engines": {
        "node": ">=10"
      }
    },
    "node_modules/@swc/wasm": {
      "version": "1.2.122",
      "resolved": "https://registry.npmjs.org/@swc/wasm/-/wasm-1.2.122.tgz",
      "integrity": "sha512-sM1VCWQxmNhFtdxME+8UXNyPNhxNu7zdb6ikWpz0YKAQQFRGT5ThZgJrubEpah335SUToNg8pkdDF7ibVCjxbQ==",
      "dev": true,
      "optional": true,
      "peer": true
    },
    "node_modules/buffer-from": {
      "version": "1.1.2",
      "resolved": "https://registry.npmjs.org/buffer-from/-/buffer-from-1.1.2.tgz",
      "integrity": "sha512-E+XQCRwSbaaiChtv6k6Dwgc+bx+Bs6vuKJHHl5kox/BaKbhiXzqQOwK4cO22yElGp2OCmjwVhT3HmxgyPGnJfQ==",
      "dev": true
    },
    "node_modules/colorette": {
      "version": "2.0.19",
      "resolved": "https://registry.npmjs.org/colorette/-/colorette-2.0.19.tgz",
      "integrity": "sha512-3tlv/dIP7FWvj3BsbHrGLJ6l/oKh1O3TcgBqMn+yyCagOxc23fyzDS6HypQbgxWbkpDnf52p1LuR4eWDQ/K9WQ==",
      "dev": true
    },
    "node_modules/debug": {
      "version": "4.3.4",
      "resolved": "https://registry.npmjs.org/debug/-/debug-4.3.4.tgz",
      "integrity": "sha512-PRWFHuSU3eDtQJPvnNY7Jcket1j0t5OuOsFzPPzsekD52Zl8qUfFIPEiswXqIvHWGVHOgX+7G/vCNNhehwxfkQ==",
      "dev": true,
      "dependencies": {
        "ms": "2.1.2"
      },
      "engines": {
        "node": ">=6.0"
      },
      "peerDependenciesMeta": {
        "supports-color": {
          "optional": true
        }
      }
    },
    "node_modules/ms": {
      "version": "2.1.2",
      "resolved": "https://registry.npmjs.org/ms/-/ms-2.1.2.tgz",
      "integrity": "sha512-sGkPx+VjMtmA6MX27oA4FBFELFCZZ4S4XqeGOXCv68tT+jb3vk/RyaKWP0PTKyWtmLSM0b+adUTEvbs1PEaH2w==",
      "dev": true
    },
    "node_modules/pirates": {
      "version": "4.0.5",
      "resolved": "https://registry.npmjs.org/pirates/-/pirates-4.0.5.tgz",
      "integrity": "sha512-8V9+HQPupnaXMA23c5hvl69zXvTwTzyAYasnkb0Tts4XvO4CliqONMOnvlq26rkhLC3nWDFBJf73LU1e1VZLaQ==",
      "dev": true,
      "engines": {
        "node": ">= 6"
      }
    },
    "node_modules/source-map": {
      "version": "0.6.1",
      "resolved": "https://registry.npmjs.org/source-map/-/source-map-0.6.1.tgz",
      "integrity": "sha512-UjgapumWlbMhkBgzT7Ykc5YXUT46F0iKu8SGXq0bcwP5dz/h0Plj6enJqjz1Zbq2l5WaqYnrVbwWOWMyF3F47g==",
      "dev": true,
      "engines": {
        "node": ">=0.10.0"
      }
    },
    "node_modules/source-map-support": {
      "version": "0.5.21",
      "resolved": "https://registry.npmjs.org/source-map-support/-/source-map-support-0.5.21.tgz",
      "integrity": "sha512-uBHU3L3czsIyYXKX88fdrGovxdSCoTGDRZ6SYXtSRxLZUzHg5P/66Ht6uoUlHu9EZod+inXhKo3qQgwXUT/y1w==",
      "dev": true,
      "dependencies": {
        "buffer-from": "^1.0.0",
        "source-map": "^0.6.0"
      }
    },
    "node_modules/tslib": {
      "version": "2.4.0",
      "resolved": "https://registry.npmjs.org/tslib/-/tslib-2.4.0.tgz",
      "integrity": "sha512-d6xOpEDfsi2CZVlPQzGeux8XMwLT9hssAsaPYExaQMuYskwb+x1x7J371tWlbBdWHroy99KnVB6qIkUbs5X3UQ==",
      "dev": true
    },
    "node_modules/typescript": {
      "version": "4.8.4",
      "resolved": "https://registry.npmjs.org/typescript/-/typescript-4.8.4.tgz",
      "integrity": "sha512-QCh+85mCy+h0IGff8r5XWzOVSbBO+KfeYrMQh7NJ58QujwcE22u+NUSmUxqF+un70P9GXKxa2HCNiTTMJknyjQ==",
      "dev": true,
      "peer": true,
      "bin": {
        "tsc": "bin/tsc",
        "tsserver": "bin/tsserver"
      },
      "engines": {
        "node": ">=4.2.0"
      }
    }
  },
  "dependencies": {
    "@swc-node/core": {
      "version": "1.9.1",
      "resolved": "https://registry.npmjs.org/@swc-node/core/-/core-1.9.1.tgz",
      "integrity": "sha512-Mh4T/PmQOpPtqw1BNvU38uWzsXbd5RJji17YBXnj7JDDE5KlTR9sSo2RKxWKDVtHbdcD1S+CtyZXA93aEWlfGQ==",
      "dev": true,
      "requires": {}
    },
    "@swc-node/register": {
      "version": "1.5.2",
      "resolved": "https://registry.npmjs.org/@swc-node/register/-/register-1.5.2.tgz",
      "integrity": "sha512-uXgAWEmbrg1zFxv6x/0rTQuToEuCxxZDaA7KyJi5+FwRcBTS79tBYEqUROH8otcTnHdh4njAbWdETFPRD4Pogw==",
      "dev": true,
      "requires": {
        "@swc-node/core": "^1.9.1",
        "@swc-node/sourcemap-support": "^0.2.1",
        "colorette": "^2.0.19",
        "debug": "^4.3.4",
        "pirates": "^4.0.5",
        "tslib": "^2.4.0"
      }
    },
    "@swc-node/sourcemap-support": {
      "version": "0.2.1",
      "resolved": "https://registry.npmjs.org/@swc-node/sourcemap-support/-/sourcemap-support-0.2.1.tgz",
      "integrity": "sha512-+49bBLKEenzAybTIlOlZGdif5wK0ZHjrAtIUtyd5nSthFKSTzcmfmFayqVmk5ZoVZI2AG+qJOx5+K1vZt17TJQ==",
      "dev": true,
      "requires": {
        "source-map-support": "^0.5.21"
      }
    },
    "@swc/core": {
      "version": "1.3.4",
      "resolved": "https://registry.npmjs.org/@swc/core/-/core-1.3.4.tgz",
      "integrity": "sha512-W1AvQImfF2T+7dzWdg/GqFpcMJ24lyXGQ/kPKHL/FGPZbf0Q1ExD7wp3eQ2PQMgHTLe28qWonxicm2DPfprx3g==",
      "dev": true,
      "peer": true,
      "requires": {
        "@swc/core-android-arm-eabi": "1.3.4",
        "@swc/core-android-arm64": "1.3.4",
        "@swc/core-darwin-arm64": "1.3.4",
        "@swc/core-darwin-x64": "1.3.4",
        "@swc/core-freebsd-x64": "1.3.4",
        "@swc/core-linux-arm-gnueabihf": "1.3.4",
        "@swc/core-linux-arm64-gnu": "1.3.4",
        "@swc/core-linux-arm64-musl": "1.3.4",
        "@swc/core-linux-x64-gnu": "1.3.4",
        "@swc/core-linux-x64-musl": "1.3.4",
        "@swc/core-win32-arm64-msvc": "1.3.4",
        "@swc/core-win32-ia32-msvc": "1.3.4",
        "@swc/core-win32-x64-msvc": "1.3.4"
      }
    },
    "@swc/core-android-arm-eabi": {
      "version": "1.3.4",
      "resolved": "https://registry.npmjs.org/@swc/core-android-arm-eabi/-/core-android-arm-eabi-1.3.4.tgz",
      "integrity": "sha512-aq+CAebSQMtdrIR4+v/JBfykK/daD+so2gPHm4wgLaTR+xwziQAsBBI5iq5sinhIg4FGnmljtO75QolcNLmpvw==",
      "dev": true,
      "optional": true,
      "peer": true,
      "requires": {
        "@swc/wasm": "1.2.122"
      }
    },
    "@swc/core-android-arm64": {
      "version": "1.3.4",
      "resolved": "https://registry.npmjs.org/@swc/core-android-arm64/-/core-android-arm64-1.3.4.tgz",
      "integrity": "sha512-E5z6ribiEzDqrq5Kv5xOLdWcTzHWlzGuqDSxTQNz9GCC94qSVzXp5Df+egVEKE/4t7u2P6nO46BUKweYMb9TJg==",
      "dev": true,
      "optional": true,
      "peer": true,
      "requires": {
        "@swc/wasm": "1.2.130"
      },
      "dependencies": {
        "@swc/wasm": {
          "version": "1.2.130",
          "resolved": "https://registry.npmjs.org/@swc/wasm/-/wasm-1.2.130.tgz",
          "integrity": "sha512-rNcJsBxS70+pv8YUWwf5fRlWX6JoY/HJc25HD/F8m6Kv7XhJdqPPMhyX6TKkUBPAG7TWlZYoxa+rHAjPy4Cj3Q==",
          "dev": true,
          "optional": true,
          "peer": true
        }
      }
    },
    "@swc/core-darwin-arm64": {
      "version": "1.3.4",
      "resolved": "https://registry.npmjs.org/@swc/core-darwin-arm64/-/core-darwin-arm64-1.3.4.tgz",
      "integrity": "sha512-JNBFQKtaUdsq0Sv6N29++Q6xrvZDn1bQ7pbMvr8t7kBNXaYCDmupbwPGT725MrGVs72N4qKee5Z0OIvmnLCQfw==",
      "dev": true,
      "optional": true,
      "peer": true
    },
    "@swc/core-darwin-x64": {
      "version": "1.3.4",
      "resolved": "https://registry.npmjs.org/@swc/core-darwin-x64/-/core-darwin-x64-1.3.4.tgz",
      "integrity": "sha512-A6KMZsUJ3j5TVxAizbv+UEjCNvMgWBm9jw4R3biaw8kbgu3XUWHdkiheXO+c2kjjjgwr1jhkHcLgRjffwpLYFA==",
      "dev": true,
      "optional": true,
      "peer": true
    },
    "@swc/core-freebsd-x64": {
      "version": "1.3.4",
      "resolved": "https://registry.npmjs.org/@swc/core-freebsd-x64/-/core-freebsd-x64-1.3.4.tgz",
      "integrity": "sha512-C5FCXHebcHwPJtEhgRShumXvcdPO5Cqiwd7GDNBav1IZribs3+ZqrTkCaz2hY7gb5NvyFIxkJ5HhpS4Pxafhuw==",
      "dev": true,
      "optional": true,
      "peer": true,
      "requires": {
        "@swc/wasm": "1.2.130"
      },
      "dependencies": {
        "@swc/wasm": {
          "version": "1.2.130",
          "resolved": "https://registry.npmjs.org/@swc/wasm/-/wasm-1.2.130.tgz",
          "integrity": "sha512-rNcJsBxS70+pv8YUWwf5fRlWX6JoY/HJc25HD/F8m6Kv7XhJdqPPMhyX6TKkUBPAG7TWlZYoxa+rHAjPy4Cj3Q==",
          "dev": true,
          "optional": true,
          "peer": true
        }
      }
    },
    "@swc/core-linux-arm-gnueabihf": {
      "version": "1.3.4",
      "resolved": "https://registry.npmjs.org/@swc/core-linux-arm-gnueabihf/-/core-linux-arm-gnueabihf-1.3.4.tgz",
      "integrity": "sha512-vawHUhUcS//xNvGzL0zZ3vZ1YnsjgyvWQXB5PF4bhM5Y0/rmcrEdpkSId1qTfaMpcL7l2QSy9/DM7ucjlSpK6w==",
      "dev": true,
      "optional": true,
      "peer": true,
      "requires": {
        "@swc/wasm": "1.2.130"
      },
      "dependencies": {
        "@swc/wasm": {
          "version": "1.2.130",
          "resolved": "https://registry.npmjs.org/@swc/wasm/-/wasm-1.2.130.tgz",
          "integrity": "sha512-rNcJsBxS70+pv8YUWwf5fRlWX6JoY/HJc25HD/F8m6Kv7XhJdqPPMhyX6TKkUBPAG7TWlZYoxa+rHAjPy4Cj3Q==",
          "dev": true,
          "optional": true,
          "peer": true
        }
      }
    },
    "@swc/core-linux-arm64-gnu": {
      "version": "1.3.4",
      "resolved": "https://registry.npmjs.org/@swc/core-linux-arm64-gnu/-/core-linux-arm64-gnu-1.3.4.tgz",
      "integrity": "sha512-p60RoYaDS8zrqp/cGkcJryk9HobJvrL+Ox/iz8ivDrV4IS0LXvqW5/5YTSzLo93/+blvG/M0hdaokoMhWhDnwA==",
      "dev": true,
      "optional": true,
      "peer": true
    },
    "@swc/core-linux-arm64-musl": {
      "version": "1.3.4",
      "resolved": "https://registry.npmjs.org/@swc/core-linux-arm64-musl/-/core-linux-arm64-musl-1.3.4.tgz",
      "integrity": "sha512-F9hW6g5l4YesJJH/JMznaLGdLeCV4FKq5MN5DaZfuB8qrCZGLmAasGgvSNbXh1oZnDu1PD2ZxMYivkf2n8/4OA==",
      "dev": true,
      "optional": true,
      "peer": true
    },
    "@swc/core-linux-x64-gnu": {
      "version": "1.3.4",
      "resolved": "https://registry.npmjs.org/@swc/core-linux-x64-gnu/-/core-linux-x64-gnu-1.3.4.tgz",
      "integrity": "sha512-rRqDtxktiVaxO8NQeEZSX0kNSFkI5Ft+4fZcFTbWhDO0vknC0+ZYbWpverfQ8yAwo7aA9jKWupwc3I7iZ1EQQQ==",
      "dev": true,
      "optional": true,
      "peer": true
    },
    "@swc/core-linux-x64-musl": {
      "version": "1.3.4",
      "resolved": "https://registry.npmjs.org/@swc/core-linux-x64-musl/-/core-linux-x64-musl-1.3.4.tgz",
      "integrity": "sha512-stVnU7KXQxSbh67UiIVxZsgjkRSXApPTEU3CYnwsdH7G+ynfO1WocSatzjIKpJfhcY2Nss8/33yDaOKZXVhbIA==",
      "dev": true,
      "optional": true,
      "peer": true
    },
    "@swc/core-win32-arm64-msvc": {
      "version": "1.3.4",
      "resolved": "https://registry.npmjs.org/@swc/core-win32-arm64-msvc/-/core-win32-arm64-msvc-1.3.4.tgz",
      "integrity": "sha512-qc3UIdAQfLTA1mJsFkX3ISqJDU02qtcjUbnLI8sl6oedCAOFF66TcecJvwl4iO+BTO04+KoZc5rJovSTOb3eQA==",
      "dev": true,
      "optional": true,
      "peer": true,
      "requires": {
        "@swc/wasm": "1.2.130"
      },
      "dependencies": {
        "@swc/wasm": {
          "version": "1.2.130",
          "resolved": "https://registry.npmjs.org/@swc/wasm/-/wasm-1.2.130.tgz",
          "integrity": "sha512-rNcJsBxS70+pv8YUWwf5fRlWX6JoY/HJc25HD/F8m6Kv7XhJdqPPMhyX6TKkUBPAG7TWlZYoxa+rHAjPy4Cj3Q==",
          "dev": true,
          "optional": true,
          "peer": true
        }
      }
    },
    "@swc/core-win32-ia32-msvc": {
      "version": "1.3.4",
      "resolved": "https://registry.npmjs.org/@swc/core-win32-ia32-msvc/-/core-win32-ia32-msvc-1.3.4.tgz",
      "integrity": "sha512-FxuDGn60VrnYBcpH0CeR9+pCnPUaVvZ20CO6o/oNYHSfIhqPc76o3zFYYEFswYodExjCCYwsuPYgi+stvKZroA==",
      "dev": true,
      "optional": true,
      "peer": true,
      "requires": {
        "@swc/wasm": "1.2.130"
      },
      "dependencies": {
        "@swc/wasm": {
          "version": "1.2.130",
          "resolved": "https://registry.npmjs.org/@swc/wasm/-/wasm-1.2.130.tgz",
          "integrity": "sha512-rNcJsBxS70+pv8YUWwf5fRlWX6JoY/HJc25HD/F8m6Kv7XhJdqPPMhyX6TKkUBPAG7TWlZYoxa+rHAjPy4Cj3Q==",
          "dev": true,
          "optional": true,
          "peer": true
        }
      }
    },
    "@swc/core-win32-x64-msvc": {
      "version": "1.3.4",
      "resolved": "https://registry.npmjs.org/@swc/core-win32-x64-msvc/-/core-win32-x64-msvc-1.3.4.tgz",
      "integrity": "sha512-9/bSvgjV31u1G2slRFPgK85ohJdo8KtWJ0f4CPp2LdVtIJHbFGd0pWjnMfiPJeodSxSGGWrgUNQtajqIIsrbqA==",
      "dev": true,
      "optional": true,
      "peer": true
    },
    "@swc/wasm": {
      "version": "1.2.122",
      "resolved": "https://registry.npmjs.org/@swc/wasm/-/wasm-1.2.122.tgz",
      "integrity": "sha512-sM1VCWQxmNhFtdxME+8UXNyPNhxNu7zdb6ikWpz0YKAQQFRGT5ThZgJrubEpah335SUToNg8pkdDF7ibVCjxbQ==",
      "dev": true,
      "optional": true,
      "peer": true
    },
    "buffer-from": {
      "version": "1.1.2",
      "resolved": "https://registry.npmjs.org/buffer-from/-/buffer-from-1.1.2.tgz",
      "integrity": "sha512-E+XQCRwSbaaiChtv6k6Dwgc+bx+Bs6vuKJHHl5kox/BaKbhiXzqQOwK4cO22yElGp2OCmjwVhT3HmxgyPGnJfQ==",
      "dev": true
    },
    "colorette": {
      "version": "2.0.19",
      "resolved": "https://registry.npmjs.org/colorette/-/colorette-2.0.19.tgz",
      "integrity": "sha512-3tlv/dIP7FWvj3BsbHrGLJ6l/oKh1O3TcgBqMn+yyCagOxc23fyzDS6HypQbgxWbkpDnf52p1LuR4eWDQ/K9WQ==",
      "dev": true
    },
    "debug": {
      "version": "4.3.4",
      "resolved": "https://registry.npmjs.org/debug/-/debug-4.3.4.tgz",
      "integrity": "sha512-PRWFHuSU3eDtQJPvnNY7Jcket1j0t5OuOsFzPPzsekD52Zl8qUfFIPEiswXqIvHWGVHOgX+7G/vCNNhehwxfkQ==",
      "dev": true,
      "requires": {
        "ms": "2.1.2"
      }
    },
    "ms": {
      "version": "2.1.2",
      "resolved": "https://registry.npmjs.org/ms/-/ms-2.1.2.tgz",
      "integrity": "sha512-sGkPx+VjMtmA6MX27oA4FBFELFCZZ4S4XqeGOXCv68tT+jb3vk/RyaKWP0PTKyWtmLSM0b+adUTEvbs1PEaH2w==",
      "dev": true
    },
    "pirates": {
      "version": "4.0.5",
      "resolved": "https://registry.npmjs.org/pirates/-/pirates-4.0.5.tgz",
      "integrity": "sha512-8V9+HQPupnaXMA23c5hvl69zXvTwTzyAYasnkb0Tts4XvO4CliqONMOnvlq26rkhLC3nWDFBJf73LU1e1VZLaQ==",
      "dev": true
    },
    "source-map": {
      "version": "0.6.1",
      "resolved": "https://registry.npmjs.org/source-map/-/source-map-0.6.1.tgz",
      "integrity": "sha512-UjgapumWlbMhkBgzT7Ykc5YXUT46F0iKu8SGXq0bcwP5dz/h0Plj6enJqjz1Zbq2l5WaqYnrVbwWOWMyF3F47g==",
      "dev": true
    },
    "source-map-support": {
      "version": "0.5.21",
      "resolved": "https://registry.npmjs.org/source-map-support/-/source-map-support-0.5.21.tgz",
      "integrity": "sha512-uBHU3L3czsIyYXKX88fdrGovxdSCoTGDRZ6SYXtSRxLZUzHg5P/66Ht6uoUlHu9EZod+inXhKo3qQgwXUT/y1w==",
      "dev": true,
      "requires": {
        "buffer-from": "^1.0.0",
        "source-map": "^0.6.0"
      }
    },
    "tslib": {
      "version": "2.4.0",
      "resolved": "https://registry.npmjs.org/tslib/-/tslib-2.4.0.tgz",
      "integrity": "sha512-d6xOpEDfsi2CZVlPQzGeux8XMwLT9hssAsaPYExaQMuYskwb+x1x7J371tWlbBdWHroy99KnVB6qIkUbs5X3UQ==",
      "dev": true
    },
    "typescript": {
      "version": "4.8.4",
      "resolved": "https://registry.npmjs.org/typescript/-/typescript-4.8.4.tgz",
      "integrity": "sha512-QCh+85mCy+h0IGff8r5XWzOVSbBO+KfeYrMQh7NJ58QujwcE22u+NUSmUxqF+un70P9GXKxa2HCNiTTMJknyjQ==",
      "dev": true,
      "peer": true
    }
  }
}
